
Microsoft Visual Studio Solution File, Format Version 12.00
# Visual Studio Version 16
VisualStudioVersion = 16.0.30413.136
MinimumVisualStudioVersion = 10.0.40219.1
Project("{FAE04EC0-301F-11D3-BF4B-00C04F79EFBC}") = "QuizTeste", "QuizTeste\QuizTeste.csproj", "{1D7E2409-9CAA-43A6-828A-686348593B85}"
EndProject
Global
	GlobalSection(SolutionConfigurationPlatforms) = preSolution
		Debug|Any CPU = Debug|Any CPU
		Release|Any CPU = Release|Any CPU
	EndGlobalSection
	GlobalSection(ProjectConfigurationPlatforms) = postSolution
		{1D7E2409-9CAA-43A6-828A-686348593B85}.Debug|Any CPU.ActiveCfg = Debug|Any CPU
		{1D7E2409-9CAA-43A6-828A-686348593B85}.Debug|Any CPU.Build.0 = Debug|Any CPU
		{1D7E2409-9CAA-43A6-828A-686348593B85}.Release|Any CPU.ActiveCfg = Release|Any CPU
		{1D7E2409-9CAA-43A6-828A-686348593B85}.Release|Any CPU.Build.0 = Release|Any CPU
	EndGlobalSection
	GlobalSection(SolutionProperties) = preSolution
		HideSolutionNode = FALSE
	EndGlobalSection
	GlobalSection(ExtensibilityGlobals) = postSolution
		SolutionGuid = {58AAA07F-1EBE-42AE-B3BA-969F597AC587}
	EndGlobalSection
EndGlobal
